
Microsoft Visual Studio Solution File, Format Version 12.00
# Visual Studio Version 17
VisualStudioVersion = 17.11.35222.181
MinimumVisualStudioVersion = 10.0.40219.1
Project("{8BC9CEB8-8B4A-11D0-8D11-00A0C91BC942}") = "CppExercise_InfoCard", "CppExercise_InfoCard\CppExercise_InfoCard.vcxproj", "{CFF77842-9782-4F0A-A731-C8AA1C90DBC6}"
EndProject
Global
	GlobalSection(SolutionConfigurationPlatforms) = preSolution
		Debug|x64 = Debug|x64
		Debug|x86 = Debug|x86
		Release|x64 = Release|x64
		Release|x86 = Release|x86
	EndGlobalSection
	GlobalSection(ProjectConfigurationPlatforms) = postSolution
		{CFF77842-9782-4F0A-A731-C8AA1C90DBC6}.Debug|x64.ActiveCfg = Debug|x64
		{CFF77842-9782-4F0A-A731-C8AA1C90DBC6}.Debug|x64.Build.0 = Debug|x64
		{CFF77842-9782-4F0A-A731-C8AA1C90DBC6}.Debug|x86.ActiveCfg = Debug|Win32
		{CFF77842-9782-4F0A-A731-C8AA1C90DBC6}.Debug|x86.Build.0 = Debug|Win32
		{CFF77842-9782-4F0A-A731-C8AA1C90DBC6}.Release|x64.ActiveCfg = Release|x64
		{CFF77842-9782-4F0A-A731-C8AA1C90DBC6}.Release|x64.Build.0 = Release|x64
		{CFF77842-9782-4F0A-A731-C8AA1C90DBC6}.Release|x86.ActiveCfg = Release|Win32
		{CFF77842-9782-4F0A-A731-C8AA1C90DBC6}.Release|x86.Build.0 = Release|Win32
	EndGlobalSection
	GlobalSection(SolutionProperties) = preSolution
		HideSolutionNode = FALSE
	EndGlobalSection
	GlobalSection(ExtensibilityGlobals) = postSolution
		SolutionGuid = {3A2214C3-2CAC-4EB7-B9BD-C3629DB4264E}
	EndGlobalSection
EndGlobal
