
Microsoft Visual Studio Solution File, Format Version 12.00
# Visual Studio Version 17
VisualStudioVersion = 17.11.35222.181
MinimumVisualStudioVersion = 10.0.40219.1
Project("{8BC9CEB8-8B4A-11D0-8D11-00A0C91BC942}") = "CppExercise3", "CppExercise3\CppExercise3.vcxproj", "{5FE197F4-2CD7-42DC-8459-144DA805A2EC}"
EndProject
Global
	GlobalSection(SolutionConfigurationPlatforms) = preSolution
		Debug|x64 = Debug|x64
		Debug|x86 = Debug|x86
		Release|x64 = Release|x64
		Release|x86 = Release|x86
	EndGlobalSection
	GlobalSection(ProjectConfigurationPlatforms) = postSolution
		{5FE197F4-2CD7-42DC-8459-144DA805A2EC}.Debug|x64.ActiveCfg = Debug|x64
		{5FE197F4-2CD7-42DC-8459-144DA805A2EC}.Debug|x64.Build.0 = Debug|x64
		{5FE197F4-2CD7-42DC-8459-144DA805A2EC}.Debug|x86.ActiveCfg = Debug|Win32
		{5FE197F4-2CD7-42DC-8459-144DA805A2EC}.Debug|x86.Build.0 = Debug|Win32
		{5FE197F4-2CD7-42DC-8459-144DA805A2EC}.Release|x64.ActiveCfg = Release|x64
		{5FE197F4-2CD7-42DC-8459-144DA805A2EC}.Release|x64.Build.0 = Release|x64
		{5FE197F4-2CD7-42DC-8459-144DA805A2EC}.Release|x86.ActiveCfg = Release|Win32
		{5FE197F4-2CD7-42DC-8459-144DA805A2EC}.Release|x86.Build.0 = Release|Win32
	EndGlobalSection
	GlobalSection(SolutionProperties) = preSolution
		HideSolutionNode = FALSE
	EndGlobalSection
	GlobalSection(ExtensibilityGlobals) = postSolution
		SolutionGuid = {C8DE8A91-23BF-4904-9993-11F686134C8A}
	EndGlobalSection
EndGlobal
