
Microsoft Visual Studio Solution File, Format Version 12.00
# Visual Studio Version 17
VisualStudioVersion = 17.11.35222.181
MinimumVisualStudioVersion = 10.0.40219.1
Project("{8BC9CEB8-8B4A-11D0-8D11-00A0C91BC942}") = "CppExercise_nested_for_loops_Numbers_triangle", "CppExercise_nested_for_loops_Numbers_triangle\CppExercise_nested_for_loops_Numbers_triangle.vcxproj", "{A57F0CA5-E199-479C-9246-3BDA06AC5ED2}"
EndProject
Global
	GlobalSection(SolutionConfigurationPlatforms) = preSolution
		Debug|x64 = Debug|x64
		Debug|x86 = Debug|x86
		Release|x64 = Release|x64
		Release|x86 = Release|x86
	EndGlobalSection
	GlobalSection(ProjectConfigurationPlatforms) = postSolution
		{A57F0CA5-E199-479C-9246-3BDA06AC5ED2}.Debug|x64.ActiveCfg = Debug|x64
		{A57F0CA5-E199-479C-9246-3BDA06AC5ED2}.Debug|x64.Build.0 = Debug|x64
		{A57F0CA5-E199-479C-9246-3BDA06AC5ED2}.Debug|x86.ActiveCfg = Debug|Win32
		{A57F0CA5-E199-479C-9246-3BDA06AC5ED2}.Debug|x86.Build.0 = Debug|Win32
		{A57F0CA5-E199-479C-9246-3BDA06AC5ED2}.Release|x64.ActiveCfg = Release|x64
		{A57F0CA5-E199-479C-9246-3BDA06AC5ED2}.Release|x64.Build.0 = Release|x64
		{A57F0CA5-E199-479C-9246-3BDA06AC5ED2}.Release|x86.ActiveCfg = Release|Win32
		{A57F0CA5-E199-479C-9246-3BDA06AC5ED2}.Release|x86.Build.0 = Release|Win32
	EndGlobalSection
	GlobalSection(SolutionProperties) = preSolution
		HideSolutionNode = FALSE
	EndGlobalSection
	GlobalSection(ExtensibilityGlobals) = postSolution
		SolutionGuid = {15B8C29B-33B8-4531-B9A3-E4A47743AB82}
	EndGlobalSection
EndGlobal
