
Microsoft Visual Studio Solution File, Format Version 12.00
# Visual Studio Version 17
VisualStudioVersion = 17.11.35222.181
MinimumVisualStudioVersion = 10.0.40219.1
Project("{8BC9CEB8-8B4A-11D0-8D11-00A0C91BC942}") = "CppExercise32_with_while_loop", "CppExercise32_with_while_loop\CppExercise32_with_while_loop.vcxproj", "{633E0A24-E32A-4DFF-B85C-E2B03B4E7E41}"
EndProject
Global
	GlobalSection(SolutionConfigurationPlatforms) = preSolution
		Debug|x64 = Debug|x64
		Debug|x86 = Debug|x86
		Release|x64 = Release|x64
		Release|x86 = Release|x86
	EndGlobalSection
	GlobalSection(ProjectConfigurationPlatforms) = postSolution
		{633E0A24-E32A-4DFF-B85C-E2B03B4E7E41}.Debug|x64.ActiveCfg = Debug|x64
		{633E0A24-E32A-4DFF-B85C-E2B03B4E7E41}.Debug|x64.Build.0 = Debug|x64
		{633E0A24-E32A-4DFF-B85C-E2B03B4E7E41}.Debug|x86.ActiveCfg = Debug|Win32
		{633E0A24-E32A-4DFF-B85C-E2B03B4E7E41}.Debug|x86.Build.0 = Debug|Win32
		{633E0A24-E32A-4DFF-B85C-E2B03B4E7E41}.Release|x64.ActiveCfg = Release|x64
		{633E0A24-E32A-4DFF-B85C-E2B03B4E7E41}.Release|x64.Build.0 = Release|x64
		{633E0A24-E32A-4DFF-B85C-E2B03B4E7E41}.Release|x86.ActiveCfg = Release|Win32
		{633E0A24-E32A-4DFF-B85C-E2B03B4E7E41}.Release|x86.Build.0 = Release|Win32
	EndGlobalSection
	GlobalSection(SolutionProperties) = preSolution
		HideSolutionNode = FALSE
	EndGlobalSection
	GlobalSection(ExtensibilityGlobals) = postSolution
		SolutionGuid = {286F6239-DBC0-47B5-ABA7-A08ABA334905}
	EndGlobalSection
EndGlobal
