
Microsoft Visual Studio Solution File, Format Version 12.00
# Visual Studio Version 17
VisualStudioVersion = 17.11.35222.181
MinimumVisualStudioVersion = 10.0.40219.1
Project("{8BC9CEB8-8B4A-11D0-8D11-00A0C91BC942}") = "CppExercise32", "CppExercise32\CppExercise32.vcxproj", "{FDE9AE3A-A2BA-4812-A202-7B08B26A9747}"
EndProject
Global
	GlobalSection(SolutionConfigurationPlatforms) = preSolution
		Debug|x64 = Debug|x64
		Debug|x86 = Debug|x86
		Release|x64 = Release|x64
		Release|x86 = Release|x86
	EndGlobalSection
	GlobalSection(ProjectConfigurationPlatforms) = postSolution
		{FDE9AE3A-A2BA-4812-A202-7B08B26A9747}.Debug|x64.ActiveCfg = Debug|x64
		{FDE9AE3A-A2BA-4812-A202-7B08B26A9747}.Debug|x64.Build.0 = Debug|x64
		{FDE9AE3A-A2BA-4812-A202-7B08B26A9747}.Debug|x86.ActiveCfg = Debug|Win32
		{FDE9AE3A-A2BA-4812-A202-7B08B26A9747}.Debug|x86.Build.0 = Debug|Win32
		{FDE9AE3A-A2BA-4812-A202-7B08B26A9747}.Release|x64.ActiveCfg = Release|x64
		{FDE9AE3A-A2BA-4812-A202-7B08B26A9747}.Release|x64.Build.0 = Release|x64
		{FDE9AE3A-A2BA-4812-A202-7B08B26A9747}.Release|x86.ActiveCfg = Release|Win32
		{FDE9AE3A-A2BA-4812-A202-7B08B26A9747}.Release|x86.Build.0 = Release|Win32
	EndGlobalSection
	GlobalSection(SolutionProperties) = preSolution
		HideSolutionNode = FALSE
	EndGlobalSection
	GlobalSection(ExtensibilityGlobals) = postSolution
		SolutionGuid = {1802FF27-EF26-42B8-ABB0-4E236AAE8117}
	EndGlobalSection
EndGlobal
